
Microsoft Visual Studio Solution File, Format Version 12.00
# Visual Studio Version 17
VisualStudioVersion = 17.0.31903.59
MinimumVisualStudioVersion = 10.0.40219.1
Project("{FAE04EC0-301F-11D3-BF4B-00C04F79EFBC}") = "CompendioRpgBr", "CompendioRpgBr\CompendioRpgBr.csproj", "{3B9581B4-018F-4169-B067-590715534981}"
EndProject
Project("{FAE04EC0-301F-11D3-BF4B-00C04F79EFBC}") = "CompendioRpgBr", "CompendioRpgBr.API\CompendioRpgBr.csproj", "{034C1CB2-F99A-48C6-A539-06371DCC6F37}"
EndProject
Project("{FAE04EC0-301F-11D3-BF4B-00C04F79EFBC}") = "CompendioRpgBr.Shared.Dados", "CompendioRpgBr.Shared.Dados\CompendioRpgBr.Shared.Dados.csproj", "{B6B5E1A6-81C0-4390-8A0D-AA637F9FE7E7}"
EndProject
Project("{FAE04EC0-301F-11D3-BF4B-00C04F79EFBC}") = "CompendioRpgBr.Shared.Modelos", "CompendioRpgBr.Shared.Modelos\CompendioRpgBr.Shared.Modelos.csproj", "{CC320676-87BB-4E1B-AFA9-AFBEA8D232F4}"
EndProject
Project("{FAE04EC0-301F-11D3-BF4B-00C04F79EFBC}") = "CompendioRpgBr.Web", "CompendioRpgBr.Web\CompendioRpgBr.Web.csproj", "{6C445B1E-E514-409E-B8AD-9415BAC45DD5}"
EndProject
Global
	GlobalSection(SolutionConfigurationPlatforms) = preSolution
		Debug|Any CPU = Debug|Any CPU
		Release|Any CPU = Release|Any CPU
	EndGlobalSection
	GlobalSection(SolutionProperties) = preSolution
		HideSolutionNode = FALSE
	EndGlobalSection
	GlobalSection(ProjectConfigurationPlatforms) = postSolution
		{3B9581B4-018F-4169-B067-590715534981}.Debug|Any CPU.ActiveCfg = Debug|Any CPU
		{3B9581B4-018F-4169-B067-590715534981}.Debug|Any CPU.Build.0 = Debug|Any CPU
		{3B9581B4-018F-4169-B067-590715534981}.Release|Any CPU.ActiveCfg = Release|Any CPU
		{3B9581B4-018F-4169-B067-590715534981}.Release|Any CPU.Build.0 = Release|Any CPU
		{034C1CB2-F99A-48C6-A539-06371DCC6F37}.Debug|Any CPU.ActiveCfg = Debug|Any CPU
		{034C1CB2-F99A-48C6-A539-06371DCC6F37}.Debug|Any CPU.Build.0 = Debug|Any CPU
		{034C1CB2-F99A-48C6-A539-06371DCC6F37}.Release|Any CPU.ActiveCfg = Release|Any CPU
		{034C1CB2-F99A-48C6-A539-06371DCC6F37}.Release|Any CPU.Build.0 = Release|Any CPU
		{B6B5E1A6-81C0-4390-8A0D-AA637F9FE7E7}.Debug|Any CPU.ActiveCfg = Debug|Any CPU
		{B6B5E1A6-81C0-4390-8A0D-AA637F9FE7E7}.Debug|Any CPU.Build.0 = Debug|Any CPU
		{B6B5E1A6-81C0-4390-8A0D-AA637F9FE7E7}.Release|Any CPU.ActiveCfg = Release|Any CPU
		{B6B5E1A6-81C0-4390-8A0D-AA637F9FE7E7}.Release|Any CPU.Build.0 = Release|Any CPU
		{CC320676-87BB-4E1B-AFA9-AFBEA8D232F4}.Debug|Any CPU.ActiveCfg = Debug|Any CPU
		{CC320676-87BB-4E1B-AFA9-AFBEA8D232F4}.Debug|Any CPU.Build.0 = Debug|Any CPU
		{CC320676-87BB-4E1B-AFA9-AFBEA8D232F4}.Release|Any CPU.ActiveCfg = Release|Any CPU
		{CC320676-87BB-4E1B-AFA9-AFBEA8D232F4}.Release|Any CPU.Build.0 = Release|Any CPU
		{6C445B1E-E514-409E-B8AD-9415BAC45DD5}.Debug|Any CPU.ActiveCfg = Debug|Any CPU
		{6C445B1E-E514-409E-B8AD-9415BAC45DD5}.Debug|Any CPU.Build.0 = Debug|Any CPU
		{6C445B1E-E514-409E-B8AD-9415BAC45DD5}.Release|Any CPU.ActiveCfg = Release|Any CPU
		{6C445B1E-E514-409E-B8AD-9415BAC45DD5}.Release|Any CPU.Build.0 = Release|Any CPU
	EndGlobalSection
EndGlobal
