Microsoft Visual Studio Solution File, Format Version 12.00
# Visual Studio Version 17
VisualStudioVersion = 17.5.2.0
MinimumVisualStudioVersion = 10.0.40219.1
Project("{FAE04EC0-301F-11D3-BF4B-00C04F79EFBC}") = "RpgNario.Shared.Modelos", "RpgNario.Shared.Modelos.csproj", "{E118062E-DCD0-12C0-9C42-A648468CDFAB}"
EndProject
Global
	GlobalSection(SolutionConfigurationPlatforms) = preSolution
		Debug|Any CPU = Debug|Any CPU
		Release|Any CPU = Release|Any CPU
	EndGlobalSection
	GlobalSection(ProjectConfigurationPlatforms) = postSolution
		{E118062E-DCD0-12C0-9C42-A648468CDFAB}.Debug|Any CPU.ActiveCfg = Debug|Any CPU
		{E118062E-DCD0-12C0-9C42-A648468CDFAB}.Debug|Any CPU.Build.0 = Debug|Any CPU
		{E118062E-DCD0-12C0-9C42-A648468CDFAB}.Release|Any CPU.ActiveCfg = Release|Any CPU
		{E118062E-DCD0-12C0-9C42-A648468CDFAB}.Release|Any CPU.Build.0 = Release|Any CPU
	EndGlobalSection
	GlobalSection(SolutionProperties) = preSolution
		HideSolutionNode = FALSE
	EndGlobalSection
	GlobalSection(ExtensibilityGlobals) = postSolution
		SolutionGuid = {559E63F1-2316-4764-9C63-D74A50E27A99}
	EndGlobalSection
EndGlobal
