Microsoft Visual Studio Solution File, Format Version 12.00
# Visual Studio Version 17
VisualStudioVersion = 17.5.2.0
MinimumVisualStudioVersion = 10.0.40219.1
Project("{FAE04EC0-301F-11D3-BF4B-00C04F79EFBC}") = "RpgNario.Shared.Dados", "RpgNario.Shared.Dados.csproj", "{8D839704-6C08-5C64-E436-EC270242E1D2}"
EndProject
Global
	GlobalSection(SolutionConfigurationPlatforms) = preSolution
		Debug|Any CPU = Debug|Any CPU
		Release|Any CPU = Release|Any CPU
	EndGlobalSection
	GlobalSection(ProjectConfigurationPlatforms) = postSolution
		{8D839704-6C08-5C64-E436-EC270242E1D2}.Debug|Any CPU.ActiveCfg = Debug|Any CPU
		{8D839704-6C08-5C64-E436-EC270242E1D2}.Debug|Any CPU.Build.0 = Debug|Any CPU
		{8D839704-6C08-5C64-E436-EC270242E1D2}.Release|Any CPU.ActiveCfg = Release|Any CPU
		{8D839704-6C08-5C64-E436-EC270242E1D2}.Release|Any CPU.Build.0 = Release|Any CPU
	EndGlobalSection
	GlobalSection(SolutionProperties) = preSolution
		HideSolutionNode = FALSE
	EndGlobalSection
	GlobalSection(ExtensibilityGlobals) = postSolution
		SolutionGuid = {03C52CE3-4EFF-47E9-AA0D-1DC2E610132E}
	EndGlobalSection
EndGlobal
